// !$*UTF8*$!
{
	archiveVersion = 1;
	classes = {
	};
	objectVersion = 51;
	objects = {

/* Begin PBXBuildFile section */
		7606783925B8AD63007DC6AD /* AppDelegate.swift in Sources */ = {isa = PBXBuildFile; fileRef = 7606783825B8AD63007DC6AD /* AppDelegate.swift */; };
		7606783B25B8AD63007DC6AD /* SceneDelegate.swift in Sources */ = {isa = PBXBuildFile; fileRef = 7606783A25B8AD63007DC6AD /* SceneDelegate.swift */; };
		7606783D25B8AD63007DC6AD /* MainScreenViewController.swift in Sources */ = {isa = PBXBuildFile; fileRef = 7606783C25B8AD63007DC6AD /* MainScreenViewController.swift */; };
		7606784025B8AD63007DC6AD /* Main.storyboard in Resources */ = {isa = PBXBuildFile; fileRef = 7606783E25B8AD63007DC6AD /* Main.storyboard */; };
		7606784225B8AD66007DC6AD /* Assets.xcassets in Resources */ = {isa = PBXBuildFile; fileRef = 7606784125B8AD66007DC6AD /* Assets.xcassets */; };
		7606784525B8AD66007DC6AD /* LaunchScreen.storyboard in Resources */ = {isa = PBXBuildFile; fileRef = 7606784325B8AD66007DC6AD /* LaunchScreen.storyboard */; };
		7606785125B97151007DC6AD /* LoginScreenViewController.swift in Sources */ = {isa = PBXBuildFile; fileRef = 7606785025B97151007DC6AD /* LoginScreenViewController.swift */; };
		7606785425B984C6007DC6AD /* CatalogueActionCollectionViewCell.swift in Sources */ = {isa = PBXBuildFile; fileRef = 7606785325B984C6007DC6AD /* CatalogueActionCollectionViewCell.swift */; };
		7606785725B984DC007DC6AD /* RecentItemsCollectionViewCell.swift in Sources */ = {isa = PBXBuildFile; fileRef = 7606785625B984DC007DC6AD /* RecentItemsCollectionViewCell.swift */; };
		7606785B25B9860C007DC6AD /* Singleton.swift in Sources */ = {isa = PBXBuildFile; fileRef = 7606785A25B9860C007DC6AD /* Singleton.swift */; };
		7606786025B9A966007DC6AD /* User.swift in Sources */ = {isa = PBXBuildFile; fileRef = 7606785F25B9A966007DC6AD /* User.swift */; };
		7606786925B9B3D7007DC6AD /* CatalogueActionCollectionViewLayout.swift in Sources */ = {isa = PBXBuildFile; fileRef = 7606786825B9B3D7007DC6AD /* CatalogueActionCollectionViewLayout.swift */; };
		7606786C25B9C7BD007DC6AD /* RecentItemsCollectionViewLayout.swift in Sources */ = {isa = PBXBuildFile; fileRef = 7606786B25B9C7BD007DC6AD /* RecentItemsCollectionViewLayout.swift */; };
		7606786F25B9CEE1007DC6AD /* FavoritesViewController.swift in Sources */ = {isa = PBXBuildFile; fileRef = 7606786E25B9CEE1007DC6AD /* FavoritesViewController.swift */; };
		7606787325B9D133007DC6AD /* FavoritesTableViewCell.swift in Sources */ = {isa = PBXBuildFile; fileRef = 7606787225B9D133007DC6AD /* FavoritesTableViewCell.swift */; };
		7606787825BAB3C3007DC6AD /* ShopItem.swift in Sources */ = {isa = PBXBuildFile; fileRef = 7606787725BAB3C3007DC6AD /* ShopItem.swift */; };
		760AFFC525BB046A008BD8C2 /* CatalogueViewController.swift in Sources */ = {isa = PBXBuildFile; fileRef = 760AFFC425BB046A008BD8C2 /* CatalogueViewController.swift */; };
		760AFFC825BB081B008BD8C2 /* CatalogueTableViewCell.swift in Sources */ = {isa = PBXBuildFile; fileRef = 760AFFC725BB081B008BD8C2 /* CatalogueTableViewCell.swift */; };
		760AFFD025BB27D3008BD8C2 /* StyleButtonsFields.swift in Sources */ = {isa = PBXBuildFile; fileRef = 760AFFCF25BB27D3008BD8C2 /* StyleButtonsFields.swift */; };
		760AFFD425BC3409008BD8C2 /* ShoppingCartViewController.swift in Sources */ = {isa = PBXBuildFile; fileRef = 760AFFD325BC3409008BD8C2 /* ShoppingCartViewController.swift */; };
		760AFFE125BF1BB2008BD8C2 /* ActionsViewController.swift in Sources */ = {isa = PBXBuildFile; fileRef = 760AFFE025BF1BB1008BD8C2 /* ActionsViewController.swift */; };
		760AFFE925C01722008BD8C2 /* ItemDetailViewController.swift in Sources */ = {isa = PBXBuildFile; fileRef = 760AFFE825C01721008BD8C2 /* ItemDetailViewController.swift */; };
		7626A87325DE6EA700272ACF /* RealmService.swift in Sources */ = {isa = PBXBuildFile; fileRef = 7626A87225DE6EA700272ACF /* RealmService.swift */; };
		7658511F25E251C000AFDD9C /* GoogleService-Info.plist in Resources */ = {isa = PBXBuildFile; fileRef = 7658511E25E251C000AFDD9C /* GoogleService-Info.plist */; };
		7664408C25EE686100ABDCA1 /* UIColorExtensions.swift in Sources */ = {isa = PBXBuildFile; fileRef = 7664408B25EE686100ABDCA1 /* UIColorExtensions.swift */; };
		76679F3A25E258770093DFF5 /* FirebaseService.swift in Sources */ = {isa = PBXBuildFile; fileRef = 76679F3925E258770093DFF5 /* FirebaseService.swift */; };
		76679F3E25E267DA0093DFF5 /* TabBarController.swift in Sources */ = {isa = PBXBuildFile; fileRef = 76679F3D25E267DA0093DFF5 /* TabBarController.swift */; };
		76679F4125E295D60093DFF5 /* UICollectionViewExtensions.swift in Sources */ = {isa = PBXBuildFile; fileRef = 76679F4025E295D60093DFF5 /* UICollectionViewExtensions.swift */; };
		76679F4325E29B120093DFF5 /* UITableViewExtensions.swift in Sources */ = {isa = PBXBuildFile; fileRef = 76679F4225E29B120093DFF5 /* UITableViewExtensions.swift */; };
		767F742025D517D60098160B /* StartScreenViewController.swift in Sources */ = {isa = PBXBuildFile; fileRef = 767F741F25D517D60098160B /* StartScreenViewController.swift */; };
		767F742425D522730098160B /* SignInViewController.swift in Sources */ = {isa = PBXBuildFile; fileRef = 767F742325D522730098160B /* SignInViewController.swift */; };
		768F79DF25DFCD3700398EF4 /* MainScreen+CollectionViewDelegate+DataSource.swift in Sources */ = {isa = PBXBuildFile; fileRef = 768F79DE25DFCD3700398EF4 /* MainScreen+CollectionViewDelegate+DataSource.swift */; };
		768F79E125DFCDFB00398EF4 /* MainScreen+Helpers.swift in Sources */ = {isa = PBXBuildFile; fileRef = 768F79E025DFCDFB00398EF4 /* MainScreen+Helpers.swift */; };
		768F79E525DFD01400398EF4 /* Catalogue+TableViewDelegate.swift in Sources */ = {isa = PBXBuildFile; fileRef = 768F79E425DFD01400398EF4 /* Catalogue+TableViewDelegate.swift */; };
		768F79E725DFD07B00398EF4 /* Catalogue+Helpers.swift in Sources */ = {isa = PBXBuildFile; fileRef = 768F79E625DFD07B00398EF4 /* Catalogue+Helpers.swift */; };
		76AB9FF025C7ED31008C9C0F /* OrderViewController.swift in Sources */ = {isa = PBXBuildFile; fileRef = 76AB9FEF25C7ED31008C9C0F /* OrderViewController.swift */; };
		76AB9FF325C7F259008C9C0F /* OrderTableViewCell.swift in Sources */ = {isa = PBXBuildFile; fileRef = 76AB9FF225C7F259008C9C0F /* OrderTableViewCell.swift */; };
		76D03AC225C3F58D00ABB24D /* ProfileViewController.swift in Sources */ = {isa = PBXBuildFile; fileRef = 76D03AC125C3F58D00ABB24D /* ProfileViewController.swift */; };
		76D03AC525C4176600ABB24D /* ProfileTableViewCell.swift in Sources */ = {isa = PBXBuildFile; fileRef = 76D03AC425C4176600ABB24D /* ProfileTableViewCell.swift */; };
		76DE562925F6BC4B00E64719 /* UINavigationController.swift in Sources */ = {isa = PBXBuildFile; fileRef = 76DE562825F6BC4B00E64719 /* UINavigationController.swift */; };
		76F3944E25DA774600B7A343 /* CategoryCollectionViewController.swift in Sources */ = {isa = PBXBuildFile; fileRef = 76F3944D25DA774600B7A343 /* CategoryCollectionViewController.swift */; };
		76F3945125DA849E00B7A343 /* CategoryCollectionViewCell.swift in Sources */ = {isa = PBXBuildFile; fileRef = 76F3945025DA849E00B7A343 /* CategoryCollectionViewCell.swift */; };
		76F3945425DA896100B7A343 /* CategoryLayout.swift in Sources */ = {isa = PBXBuildFile; fileRef = 76F3945325DA896100B7A343 /* CategoryLayout.swift */; };
		76F3945725DBAAB100B7A343 /* ItemDetailTableViewController.swift in Sources */ = {isa = PBXBuildFile; fileRef = 76F3945625DBAAB100B7A343 /* ItemDetailTableViewController.swift */; };
		76F3945A25DBAAF200B7A343 /* ItemDetailTableViewCell.swift in Sources */ = {isa = PBXBuildFile; fileRef = 76F3945925DBAAF200B7A343 /* ItemDetailTableViewCell.swift */; };
		76F3945E25DBB20200B7A343 /* ItemDetailHeaderTableViewCell.swift in Sources */ = {isa = PBXBuildFile; fileRef = 76F3945D25DBB20200B7A343 /* ItemDetailHeaderTableViewCell.swift */; };
		BEDBE5F14DCC3D5F7C019440 /* Pods_DomPlenkiSamara.framework in Frameworks */ = {isa = PBXBuildFile; fileRef = 363499084A02C0533A052815 /* Pods_DomPlenkiSamara.framework */; };
/* End PBXBuildFile section */

/* Begin PBXFileReference section */
		363499084A02C0533A052815 /* Pods_DomPlenkiSamara.framework */ = {isa = PBXFileReference; explicitFileType = wrapper.framework; includeInIndex = 0; path = Pods_DomPlenkiSamara.framework; sourceTree = BUILT_PRODUCTS_DIR; };
		3B0CD70269FF8005803CCA8F /* Pods-DomPlenkiSamara.release.xcconfig */ = {isa = PBXFileReference; includeInIndex = 1; lastKnownFileType = text.xcconfig; name = "Pods-DomPlenkiSamara.release.xcconfig"; path = "Target Support Files/Pods-DomPlenkiSamara/Pods-DomPlenkiSamara.release.xcconfig"; sourceTree = "<group>"; };
		4087CE380914A8E0A93B0670 /* Pods_DomPlenkiSamara.framework */ = {isa = PBXFileReference; explicitFileType = wrapper.framework; includeInIndex = 0; path = Pods_DomPlenkiSamara.framework; sourceTree = BUILT_PRODUCTS_DIR; };
		7606783525B8AD63007DC6AD /* DomPlenkiSamara.app */ = {isa = PBXFileReference; explicitFileType = wrapper.application; includeInIndex = 0; path = DomPlenkiSamara.app; sourceTree = BUILT_PRODUCTS_DIR; };
		7606783825B8AD63007DC6AD /* AppDelegate.swift */ = {isa = PBXFileReference; lastKnownFileType = sourcecode.swift; path = AppDelegate.swift; sourceTree = "<group>"; };
		7606783A25B8AD63007DC6AD /* SceneDelegate.swift */ = {isa = PBXFileReference; lastKnownFileType = sourcecode.swift; path = SceneDelegate.swift; sourceTree = "<group>"; };
		7606783C25B8AD63007DC6AD /* MainScreenViewController.swift */ = {isa = PBXFileReference; lastKnownFileType = sourcecode.swift; path = MainScreenViewController.swift; sourceTree = "<group>"; };
		7606783F25B8AD63007DC6AD /* Base */ = {isa = PBXFileReference; lastKnownFileType = file.storyboard; name = Base; path = Base.lproj/Main.storyboard; sourceTree = "<group>"; };
		7606784125B8AD66007DC6AD /* Assets.xcassets */ = {isa = PBXFileReference; lastKnownFileType = folder.assetcatalog; path = Assets.xcassets; sourceTree = "<group>"; };
		7606784425B8AD66007DC6AD /* Base */ = {isa = PBXFileReference; lastKnownFileType = file.storyboard; name = Base; path = Base.lproj/LaunchScreen.storyboard; sourceTree = "<group>"; };
		7606784625B8AD66007DC6AD /* Info.plist */ = {isa = PBXFileReference; lastKnownFileType = text.plist.xml; path = Info.plist; sourceTree = "<group>"; };
		7606785025B97151007DC6AD /* LoginScreenViewController.swift */ = {isa = PBXFileReference; lastKnownFileType = sourcecode.swift; path = LoginScreenViewController.swift; sourceTree = "<group>"; };
		7606785325B984C6007DC6AD /* CatalogueActionCollectionViewCell.swift */ = {isa = PBXFileReference; lastKnownFileType = sourcecode.swift; path = CatalogueActionCollectionViewCell.swift; sourceTree = "<group>"; };
		7606785625B984DC007DC6AD /* RecentItemsCollectionViewCell.swift */ = {isa = PBXFileReference; lastKnownFileType = sourcecode.swift; path = RecentItemsCollectionViewCell.swift; sourceTree = "<group>"; };
		7606785A25B9860C007DC6AD /* Singleton.swift */ = {isa = PBXFileReference; lastKnownFileType = sourcecode.swift; path = Singleton.swift; sourceTree = "<group>"; };
		7606785F25B9A966007DC6AD /* User.swift */ = {isa = PBXFileReference; lastKnownFileType = sourcecode.swift; path = User.swift; sourceTree = "<group>"; };
		7606786825B9B3D7007DC6AD /* CatalogueActionCollectionViewLayout.swift */ = {isa = PBXFileReference; lastKnownFileType = sourcecode.swift; path = CatalogueActionCollectionViewLayout.swift; sourceTree = "<group>"; };
		7606786B25B9C7BD007DC6AD /* RecentItemsCollectionViewLayout.swift */ = {isa = PBXFileReference; lastKnownFileType = sourcecode.swift; path = RecentItemsCollectionViewLayout.swift; sourceTree = "<group>"; };
		7606786E25B9CEE1007DC6AD /* FavoritesViewController.swift */ = {isa = PBXFileReference; lastKnownFileType = sourcecode.swift; path = FavoritesViewController.swift; sourceTree = "<group>"; };
		7606787225B9D133007DC6AD /* FavoritesTableViewCell.swift */ = {isa = PBXFileReference; lastKnownFileType = sourcecode.swift; path = FavoritesTableViewCell.swift; sourceTree = "<group>"; };
		7606787725BAB3C3007DC6AD /* ShopItem.swift */ = {isa = PBXFileReference; lastKnownFileType = sourcecode.swift; path = ShopItem.swift; sourceTree = "<group>"; };
		760AFFC425BB046A008BD8C2 /* CatalogueViewController.swift */ = {isa = PBXFileReference; lastKnownFileType = sourcecode.swift; path = CatalogueViewController.swift; sourceTree = "<group>"; };
		760AFFC725BB081B008BD8C2 /* CatalogueTableViewCell.swift */ = {isa = PBXFileReference; lastKnownFileType = sourcecode.swift; path = CatalogueTableViewCell.swift; sourceTree = "<group>"; };
		760AFFCF25BB27D3008BD8C2 /* StyleButtonsFields.swift */ = {isa = PBXFileReference; lastKnownFileType = sourcecode.swift; path = StyleButtonsFields.swift; sourceTree = "<group>"; };
		760AFFD325BC3409008BD8C2 /* ShoppingCartViewController.swift */ = {isa = PBXFileReference; lastKnownFileType = sourcecode.swift; path = ShoppingCartViewController.swift; sourceTree = "<group>"; };
		760AFFE025BF1BB1008BD8C2 /* ActionsViewController.swift */ = {isa = PBXFileReference; lastKnownFileType = sourcecode.swift; path = ActionsViewController.swift; sourceTree = "<group>"; };
		760AFFE825C01721008BD8C2 /* ItemDetailViewController.swift */ = {isa = PBXFileReference; lastKnownFileType = sourcecode.swift; path = ItemDetailViewController.swift; sourceTree = "<group>"; };
		7626A87225DE6EA700272ACF /* RealmService.swift */ = {isa = PBXFileReference; lastKnownFileType = sourcecode.swift; path = RealmService.swift; sourceTree = "<group>"; };
		7658511E25E251C000AFDD9C /* GoogleService-Info.plist */ = {isa = PBXFileReference; fileEncoding = 4; lastKnownFileType = text.plist.xml; path = "GoogleService-Info.plist"; sourceTree = "<group>"; };
		7664408B25EE686100ABDCA1 /* UIColorExtensions.swift */ = {isa = PBXFileReference; lastKnownFileType = sourcecode.swift; path = UIColorExtensions.swift; sourceTree = "<group>"; };
		76679F3925E258770093DFF5 /* FirebaseService.swift */ = {isa = PBXFileReference; lastKnownFileType = sourcecode.swift; path = FirebaseService.swift; sourceTree = "<group>"; };
		76679F3D25E267DA0093DFF5 /* TabBarController.swift */ = {isa = PBXFileReference; lastKnownFileType = sourcecode.swift; path = TabBarController.swift; sourceTree = "<group>"; };
		76679F4025E295D60093DFF5 /* UICollectionViewExtensions.swift */ = {isa = PBXFileReference; lastKnownFileType = sourcecode.swift; path = UICollectionViewExtensions.swift; sourceTree = "<group>"; };
		76679F4225E29B120093DFF5 /* UITableViewExtensions.swift */ = {isa = PBXFileReference; lastKnownFileType = sourcecode.swift; path = UITableViewExtensions.swift; sourceTree = "<group>"; };
		767F741F25D517D60098160B /* StartScreenViewController.swift */ = {isa = PBXFileReference; lastKnownFileType = sourcecode.swift; path = StartScreenViewController.swift; sourceTree = "<group>"; };
		767F742325D522730098160B /* SignInViewController.swift */ = {isa = PBXFileReference; lastKnownFileType = sourcecode.swift; path = SignInViewController.swift; sourceTree = "<group>"; };
		768F79DE25DFCD3700398EF4 /* MainScreen+CollectionViewDelegate+DataSource.swift */ = {isa = PBXFileReference; lastKnownFileType = sourcecode.swift; path = "MainScreen+CollectionViewDelegate+DataSource.swift"; sourceTree = "<group>"; };
		768F79E025DFCDFB00398EF4 /* MainScreen+Helpers.swift */ = {isa = PBXFileReference; lastKnownFileType = sourcecode.swift; path = "MainScreen+Helpers.swift"; sourceTree = "<group>"; };
		768F79E425DFD01400398EF4 /* Catalogue+TableViewDelegate.swift */ = {isa = PBXFileReference; lastKnownFileType = sourcecode.swift; path = "Catalogue+TableViewDelegate.swift"; sourceTree = "<group>"; };
		768F79E625DFD07B00398EF4 /* Catalogue+Helpers.swift */ = {isa = PBXFileReference; lastKnownFileType = sourcecode.swift; path = "Catalogue+Helpers.swift"; sourceTree = "<group>"; };
		76AB9FEF25C7ED31008C9C0F /* OrderViewController.swift */ = {isa = PBXFileReference; lastKnownFileType = sourcecode.swift; path = OrderViewController.swift; sourceTree = "<group>"; };
		76AB9FF225C7F259008C9C0F /* OrderTableViewCell.swift */ = {isa = PBXFileReference; lastKnownFileType = sourcecode.swift; path = OrderTableViewCell.swift; sourceTree = "<group>"; };
		76D03AC125C3F58D00ABB24D /* ProfileViewController.swift */ = {isa = PBXFileReference; lastKnownFileType = sourcecode.swift; path = ProfileViewController.swift; sourceTree = "<group>"; };
		76D03AC425C4176600ABB24D /* ProfileTableViewCell.swift */ = {isa = PBXFileReference; lastKnownFileType = sourcecode.swift; path = ProfileTableViewCell.swift; sourceTree = "<group>"; };
		76DE562825F6BC4B00E64719 /* UINavigationController.swift */ = {isa = PBXFileReference; lastKnownFileType = sourcecode.swift; path = UINavigationController.swift; sourceTree = "<group>"; };
		76F3944D25DA774600B7A343 /* CategoryCollectionViewController.swift */ = {isa = PBXFileReference; lastKnownFileType = sourcecode.swift; path = CategoryCollectionViewController.swift; sourceTree = "<group>"; };
		76F3945025DA849E00B7A343 /* CategoryCollectionViewCell.swift */ = {isa = PBXFileReference; lastKnownFileType = sourcecode.swift; path = CategoryCollectionViewCell.swift; sourceTree = "<group>"; };
		76F3945325DA896100B7A343 /* CategoryLayout.swift */ = {isa = PBXFileReference; lastKnownFileType = sourcecode.swift; path = CategoryLayout.swift; sourceTree = "<group>"; };
		76F3945625DBAAB100B7A343 /* ItemDetailTableViewController.swift */ = {isa = PBXFileReference; lastKnownFileType = sourcecode.swift; path = ItemDetailTableViewController.swift; sourceTree = "<group>"; };
		76F3945925DBAAF200B7A343 /* ItemDetailTableViewCell.swift */ = {isa = PBXFileReference; lastKnownFileType = sourcecode.swift; path = ItemDetailTableViewCell.swift; sourceTree = "<group>"; };
		76F3945D25DBB20200B7A343 /* ItemDetailHeaderTableViewCell.swift */ = {isa = PBXFileReference; lastKnownFileType = sourcecode.swift; path = ItemDetailHeaderTableViewCell.swift; sourceTree = "<group>"; };
		CF4590C9C729D08224FEB493 /* Pods-DomPlenkiSamara.debug.xcconfig */ = {isa = PBXFileReference; includeInIndex = 1; lastKnownFileType = text.xcconfig; name = "Pods-DomPlenkiSamara.debug.xcconfig"; path = "Target Support Files/Pods-DomPlenkiSamara/Pods-DomPlenkiSamara.debug.xcconfig"; sourceTree = "<group>"; };
/* End PBXFileReference section */

/* Begin PBXFrameworksBuildPhase section */
		7606783225B8AD63007DC6AD /* Frameworks */ = {
			isa = PBXFrameworksBuildPhase;
			buildActionMask = 2147483647;
			files = (
				BEDBE5F14DCC3D5F7C019440 /* Pods_DomPlenkiSamara.framework in Frameworks */,
			);
			runOnlyForDeploymentPostprocessing = 0;
		};
/* End PBXFrameworksBuildPhase section */

/* Begin PBXGroup section */
		65CFFFD8E8228F1415A914FC /* Pods */ = {
			isa = PBXGroup;
			children = (
				CF4590C9C729D08224FEB493 /* Pods-DomPlenkiSamara.debug.xcconfig */,
				3B0CD70269FF8005803CCA8F /* Pods-DomPlenkiSamara.release.xcconfig */,
			);
			path = Pods;
			sourceTree = "<group>";
		};
		7606782C25B8AD63007DC6AD = {
			isa = PBXGroup;
			children = (
				7606783725B8AD63007DC6AD /* DomPlenkiSamara */,
				7606783625B8AD63007DC6AD /* Products */,
				65CFFFD8E8228F1415A914FC /* Pods */,
				8AFD6F1A667A934CEC32941C /* Frameworks */,
				76B21BD725EE3A34000AAAED /* Recovered References */,
			);
			sourceTree = "<group>";
		};
		7606783625B8AD63007DC6AD /* Products */ = {
			isa = PBXGroup;
			children = (
				7606783525B8AD63007DC6AD /* DomPlenkiSamara.app */,
			);
			name = Products;
			sourceTree = "<group>";
		};
		7606783725B8AD63007DC6AD /* DomPlenkiSamara */ = {
			isa = PBXGroup;
			children = (
				7606784125B8AD66007DC6AD /* Assets.xcassets */,
				7606784325B8AD66007DC6AD /* LaunchScreen.storyboard */,
				7606783E25B8AD63007DC6AD /* Main.storyboard */,
				7606783825B8AD63007DC6AD /* AppDelegate.swift */,
				7606783A25B8AD63007DC6AD /* SceneDelegate.swift */,
				767F740D25D3D1820098160B /* StartScreen */,
				767F740E25D3D1F60098160B /* MainScreen */,
				767F740F25D3D2310098160B /* Category */,
				767F741025D3D2870098160B /* Catalogue */,
				767F741125D3D2C30098160B /* Actions */,
				767F741225D3D2DA0098160B /* Favorites */,
				767F741325D3D42A0098160B /* ShoppingCart */,
				767F741425D3D4440098160B /* Profile */,
				767F741525D3D4550098160B /* Order */,
				767F741625D3D46B0098160B /* ItemDetail */,
				7606785E25B9A959007DC6AD /* Model */,
				7626A87125DE6E8600272ACF /* Services */,
				767F741725D3D4950098160B /* Helpers */,
				76679F3F25E295B60093DFF5 /* Extensions */,
				7606784625B8AD66007DC6AD /* Info.plist */,
				7658511E25E251C000AFDD9C /* GoogleService-Info.plist */,
			);
			path = DomPlenkiSamara;
			sourceTree = "<group>";
		};
		7606785E25B9A959007DC6AD /* Model */ = {
			isa = PBXGroup;
			children = (
				7606785F25B9A966007DC6AD /* User.swift */,
				7606787725BAB3C3007DC6AD /* ShopItem.swift */,
				7606785A25B9860C007DC6AD /* Singleton.swift */,
			);
			path = Model;
			sourceTree = "<group>";
		};
		7606786425B9ACC8007DC6AD /* CollectionVIew */ = {
			isa = PBXGroup;
			children = (
				7606786725B9B313007DC6AD /* Layouts */,
				7606785325B984C6007DC6AD /* CatalogueActionCollectionViewCell.swift */,
				7606785625B984DC007DC6AD /* RecentItemsCollectionViewCell.swift */,
			);
			path = CollectionVIew;
			sourceTree = "<group>";
		};
		7606786725B9B313007DC6AD /* Layouts */ = {
			isa = PBXGroup;
			children = (
				7606786825B9B3D7007DC6AD /* CatalogueActionCollectionViewLayout.swift */,
				7606786B25B9C7BD007DC6AD /* RecentItemsCollectionViewLayout.swift */,
			);
			path = Layouts;
			sourceTree = "<group>";
		};
		7626A87125DE6E8600272ACF /* Services */ = {
			isa = PBXGroup;
			children = (
				7626A87225DE6EA700272ACF /* RealmService.swift */,
				76679F3925E258770093DFF5 /* FirebaseService.swift */,
			);
			path = Services;
			sourceTree = "<group>";
		};
		76679F3F25E295B60093DFF5 /* Extensions */ = {
			isa = PBXGroup;
			children = (
				76679F4025E295D60093DFF5 /* UICollectionViewExtensions.swift */,
				76679F4225E29B120093DFF5 /* UITableViewExtensions.swift */,
				7664408B25EE686100ABDCA1 /* UIColorExtensions.swift */,
				76DE562825F6BC4B00E64719 /* UINavigationController.swift */,
			);
			path = Extensions;
			sourceTree = "<group>";
		};
		767F740D25D3D1820098160B /* StartScreen */ = {
			isa = PBXGroup;
			children = (
				767F741F25D517D60098160B /* StartScreenViewController.swift */,
				7606785025B97151007DC6AD /* LoginScreenViewController.swift */,
				767F742325D522730098160B /* SignInViewController.swift */,
				76679F3D25E267DA0093DFF5 /* TabBarController.swift */,
			);
			path = StartScreen;
			sourceTree = "<group>";
		};
		767F740E25D3D1F60098160B /* MainScreen */ = {
			isa = PBXGroup;
			children = (
				7606783C25B8AD63007DC6AD /* MainScreenViewController.swift */,
				768F79DE25DFCD3700398EF4 /* MainScreen+CollectionViewDelegate+DataSource.swift */,
				768F79E025DFCDFB00398EF4 /* MainScreen+Helpers.swift */,
				7606786425B9ACC8007DC6AD /* CollectionVIew */,
			);
			path = MainScreen;
			sourceTree = "<group>";
		};
		767F740F25D3D2310098160B /* Category */ = {
			isa = PBXGroup;
			children = (
				76F3944D25DA774600B7A343 /* CategoryCollectionViewController.swift */,
				768F79E225DFCF5900398EF4 /* CollectionView */,
			);
			path = Category;
			sourceTree = "<group>";
		};
		767F741025D3D2870098160B /* Catalogue */ = {
			isa = PBXGroup;
			children = (
				768F79E325DFCF8E00398EF4 /* TableView */,
				760AFFC425BB046A008BD8C2 /* CatalogueViewController.swift */,
				768F79E425DFD01400398EF4 /* Catalogue+TableViewDelegate.swift */,
				768F79E625DFD07B00398EF4 /* Catalogue+Helpers.swift */,
			);
			path = Catalogue;
			sourceTree = "<group>";
		};
		767F741125D3D2C30098160B /* Actions */ = {
			isa = PBXGroup;
			children = (
				760AFFE025BF1BB1008BD8C2 /* ActionsViewController.swift */,
			);
			path = Actions;
			sourceTree = "<group>";
		};
		767F741225D3D2DA0098160B /* Favorites */ = {
			isa = PBXGroup;
			children = (
				7606786E25B9CEE1007DC6AD /* FavoritesViewController.swift */,
				7606787225B9D133007DC6AD /* FavoritesTableViewCell.swift */,
			);
			path = Favorites;
			sourceTree = "<group>";
		};
		767F741325D3D42A0098160B /* ShoppingCart */ = {
			isa = PBXGroup;
			children = (
				760AFFD325BC3409008BD8C2 /* ShoppingCartViewController.swift */,
			);
			path = ShoppingCart;
			sourceTree = "<group>";
		};
		767F741425D3D4440098160B /* Profile */ = {
			isa = PBXGroup;
			children = (
				76D03AC125C3F58D00ABB24D /* ProfileViewController.swift */,
				76D03AC425C4176600ABB24D /* ProfileTableViewCell.swift */,
			);
			path = Profile;
			sourceTree = "<group>";
		};
		767F741525D3D4550098160B /* Order */ = {
			isa = PBXGroup;
			children = (
				76AB9FEF25C7ED31008C9C0F /* OrderViewController.swift */,
				76AB9FF225C7F259008C9C0F /* OrderTableViewCell.swift */,
			);
			path = Order;
			sourceTree = "<group>";
		};
		767F741625D3D46B0098160B /* ItemDetail */ = {
			isa = PBXGroup;
			children = (
				76F3945C25DBB14E00B7A343 /* Cells */,
				760AFFE825C01721008BD8C2 /* ItemDetailViewController.swift */,
				76F3945625DBAAB100B7A343 /* ItemDetailTableViewController.swift */,
			);
			path = ItemDetail;
			sourceTree = "<group>";
		};
		767F741725D3D4950098160B /* Helpers */ = {
			isa = PBXGroup;
			children = (
				760AFFCF25BB27D3008BD8C2 /* StyleButtonsFields.swift */,
			);
			path = Helpers;
			sourceTree = "<group>";
		};
		768F79E225DFCF5900398EF4 /* CollectionView */ = {
			isa = PBXGroup;
			children = (
				76F3945025DA849E00B7A343 /* CategoryCollectionViewCell.swift */,
				76F3945325DA896100B7A343 /* CategoryLayout.swift */,
			);
			path = CollectionView;
			sourceTree = "<group>";
		};
		768F79E325DFCF8E00398EF4 /* TableView */ = {
			isa = PBXGroup;
			children = (
				760AFFC725BB081B008BD8C2 /* CatalogueTableViewCell.swift */,
			);
			path = TableView;
			sourceTree = "<group>";
		};
		76B21BD725EE3A34000AAAED /* Recovered References */ = {
			isa = PBXGroup;
			children = (
				4087CE380914A8E0A93B0670 /* Pods_DomPlenkiSamara.framework */,
			);
			name = "Recovered References";
			sourceTree = "<group>";
		};
		76F3945C25DBB14E00B7A343 /* Cells */ = {
			isa = PBXGroup;
			children = (
				76F3945925DBAAF200B7A343 /* ItemDetailTableViewCell.swift */,
				76F3945D25DBB20200B7A343 /* ItemDetailHeaderTableViewCell.swift */,
			);
			path = Cells;
			sourceTree = "<group>";
		};
		8AFD6F1A667A934CEC32941C /* Frameworks */ = {
			isa = PBXGroup;
			children = (
				363499084A02C0533A052815 /* Pods_DomPlenkiSamara.framework */,
			);
			name = Frameworks;
			sourceTree = "<group>";
		};
/* End PBXGroup section */

/* Begin PBXNativeTarget section */
		7606783425B8AD63007DC6AD /* DomPlenkiSamara */ = {
			isa = PBXNativeTarget;
			buildConfigurationList = 7606784925B8AD66007DC6AD /* Build configuration list for PBXNativeTarget "DomPlenkiSamara" */;
			buildPhases = (
				36D0F4D51D6B16510C51D9BE /* [CP] Check Pods Manifest.lock */,
				7606783125B8AD63007DC6AD /* Sources */,
				7606783225B8AD63007DC6AD /* Frameworks */,
				7606783325B8AD63007DC6AD /* Resources */,
				51674BCA47783D106C50CD18 /* [CP] Embed Pods Frameworks */,
			);
			buildRules = (
			);
			dependencies = (
			);
			name = DomPlenkiSamara;
			productName = DomPlenkiSamara;
			productReference = 7606783525B8AD63007DC6AD /* DomPlenkiSamara.app */;
			productType = "com.apple.product-type.application";
		};
/* End PBXNativeTarget section */

/* Begin PBXProject section */
		7606782D25B8AD63007DC6AD /* Project object */ = {
			isa = PBXProject;
			attributes = {
				LastSwiftUpdateCheck = 1220;
				LastUpgradeCheck = 1220;
				TargetAttributes = {
					7606783425B8AD63007DC6AD = {
						CreatedOnToolsVersion = 12.2;
					};
				};
			};
			buildConfigurationList = 7606783025B8AD63007DC6AD /* Build configuration list for PBXProject "DomPlenkiSamara" */;
			compatibilityVersion = "Xcode 9.3";
			developmentRegion = en;
			hasScannedForEncodings = 0;
			knownRegions = (
				en,
				Base,
			);
			mainGroup = 7606782C25B8AD63007DC6AD;
			productRefGroup = 7606783625B8AD63007DC6AD /* Products */;
			projectDirPath = "";
			projectRoot = "";
			targets = (
				7606783425B8AD63007DC6AD /* DomPlenkiSamara */,
			);
		};
/* End PBXProject section */

/* Begin PBXResourcesBuildPhase section */
		7606783325B8AD63007DC6AD /* Resources */ = {
			isa = PBXResourcesBuildPhase;
			buildActionMask = 2147483647;
			files = (
				7606784525B8AD66007DC6AD /* LaunchScreen.storyboard in Resources */,
				7658511F25E251C000AFDD9C /* GoogleService-Info.plist in Resources */,
				7606784225B8AD66007DC6AD /* Assets.xcassets in Resources */,
				7606784025B8AD63007DC6AD /* Main.storyboard in Resources */,
			);
			runOnlyForDeploymentPostprocessing = 0;
		};
/* End PBXResourcesBuildPhase section */

/* Begin PBXShellScriptBuildPhase section */
		36D0F4D51D6B16510C51D9BE /* [CP] Check Pods Manifest.lock */ = {
			isa = PBXShellScriptBuildPhase;
			buildActionMask = 2147483647;
			files = (
			);
			inputFileListPaths = (
			);
			inputPaths = (
				"${PODS_PODFILE_DIR_PATH}/Podfile.lock",
				"${PODS_ROOT}/Manifest.lock",
			);
			name = "[CP] Check Pods Manifest.lock";
			outputFileListPaths = (
			);
			outputPaths = (
				"$(DERIVED_FILE_DIR)/Pods-DomPlenkiSamara-checkManifestLockResult.txt",
			);
			runOnlyForDeploymentPostprocessing = 0;
			shellPath = /bin/sh;
			shellScript = "diff \"${PODS_PODFILE_DIR_PATH}/Podfile.lock\" \"${PODS_ROOT}/Manifest.lock\" > /dev/null\nif [ $? != 0 ] ; then\n    # print error to STDERR\n    echo \"error: The sandbox is not in sync with the Podfile.lock. Run 'pod install' or update your CocoaPods installation.\" >&2\n    exit 1\nfi\n# This output is used by Xcode 'outputs' to avoid re-running this script phase.\necho \"SUCCESS\" > \"${SCRIPT_OUTPUT_FILE_0}\"\n";
			showEnvVarsInLog = 0;
		};
		51674BCA47783D106C50CD18 /* [CP] Embed Pods Frameworks */ = {
			isa = PBXShellScriptBuildPhase;
			buildActionMask = 2147483647;
			files = (
			);
			inputFileListPaths = (
				"${PODS_ROOT}/Target Support Files/Pods-DomPlenkiSamara/Pods-DomPlenkiSamara-frameworks-${CONFIGURATION}-input-files.xcfilelist",
			);
			name = "[CP] Embed Pods Frameworks";
			outputFileListPaths = (
				"${PODS_ROOT}/Target Support Files/Pods-DomPlenkiSamara/Pods-DomPlenkiSamara-frameworks-${CONFIGURATION}-output-files.xcfilelist",
			);
			runOnlyForDeploymentPostprocessing = 0;
			shellPath = /bin/sh;
			shellScript = "\"${PODS_ROOT}/Target Support Files/Pods-DomPlenkiSamara/Pods-DomPlenkiSamara-frameworks.sh\"\n";
			showEnvVarsInLog = 0;
		};
/* End PBXShellScriptBuildPhase section */

/* Begin PBXSourcesBuildPhase section */
		7606783125B8AD63007DC6AD /* Sources */ = {
			isa = PBXSourcesBuildPhase;
			buildActionMask = 2147483647;
			files = (
				7626A87325DE6EA700272ACF /* RealmService.swift in Sources */,
				7606786C25B9C7BD007DC6AD /* RecentItemsCollectionViewLayout.swift in Sources */,
				7606787325B9D133007DC6AD /* FavoritesTableViewCell.swift in Sources */,
				760AFFD425BC3409008BD8C2 /* ShoppingCartViewController.swift in Sources */,
				76D03AC525C4176600ABB24D /* ProfileTableViewCell.swift in Sources */,
				7606783D25B8AD63007DC6AD /* MainScreenViewController.swift in Sources */,
				760AFFC525BB046A008BD8C2 /* CatalogueViewController.swift in Sources */,
				768F79E125DFCDFB00398EF4 /* MainScreen+Helpers.swift in Sources */,
				7606783925B8AD63007DC6AD /* AppDelegate.swift in Sources */,
				76F3944E25DA774600B7A343 /* CategoryCollectionViewController.swift in Sources */,
				760AFFE125BF1BB2008BD8C2 /* ActionsViewController.swift in Sources */,
				767F742025D517D60098160B /* StartScreenViewController.swift in Sources */,
				76F3945A25DBAAF200B7A343 /* ItemDetailTableViewCell.swift in Sources */,
				76F3945E25DBB20200B7A343 /* ItemDetailHeaderTableViewCell.swift in Sources */,
				76F3945725DBAAB100B7A343 /* ItemDetailTableViewController.swift in Sources */,
				76679F4325E29B120093DFF5 /* UITableViewExtensions.swift in Sources */,
				76F3945425DA896100B7A343 /* CategoryLayout.swift in Sources */,
				7606785425B984C6007DC6AD /* CatalogueActionCollectionViewCell.swift in Sources */,
				76F3945125DA849E00B7A343 /* CategoryCollectionViewCell.swift in Sources */,
				7606783B25B8AD63007DC6AD /* SceneDelegate.swift in Sources */,
				760AFFD025BB27D3008BD8C2 /* StyleButtonsFields.swift in Sources */,
				768F79E525DFD01400398EF4 /* Catalogue+TableViewDelegate.swift in Sources */,
				768F79E725DFD07B00398EF4 /* Catalogue+Helpers.swift in Sources */,
				760AFFE925C01722008BD8C2 /* ItemDetailViewController.swift in Sources */,
				7606786025B9A966007DC6AD /* User.swift in Sources */,
				7606786F25B9CEE1007DC6AD /* FavoritesViewController.swift in Sources */,
				768F79DF25DFCD3700398EF4 /* MainScreen+CollectionViewDelegate+DataSource.swift in Sources */,
				76DE562925F6BC4B00E64719 /* UINavigationController.swift in Sources */,
				7606785B25B9860C007DC6AD /* Singleton.swift in Sources */,
				76AB9FF325C7F259008C9C0F /* OrderTableViewCell.swift in Sources */,
				767F742425D522730098160B /* SignInViewController.swift in Sources */,
				76679F3E25E267DA0093DFF5 /* TabBarController.swift in Sources */,
				7606785725B984DC007DC6AD /* RecentItemsCollectionViewCell.swift in Sources */,
				7606786925B9B3D7007DC6AD /* CatalogueActionCollectionViewLayout.swift in Sources */,
				76679F3A25E258770093DFF5 /* FirebaseService.swift in Sources */,
				7664408C25EE686100ABDCA1 /* UIColorExtensions.swift in Sources */,
				7606785125B97151007DC6AD /* LoginScreenViewController.swift in Sources */,
				76679F4125E295D60093DFF5 /* UICollectionViewExtensions.swift in Sources */,
				7606787825BAB3C3007DC6AD /* ShopItem.swift in Sources */,
				76D03AC225C3F58D00ABB24D /* ProfileViewController.swift in Sources */,
				760AFFC825BB081B008BD8C2 /* CatalogueTableViewCell.swift in Sources */,
				76AB9FF025C7ED31008C9C0F /* OrderViewController.swift in Sources */,
			);
			runOnlyForDeploymentPostprocessing = 0;
		};
/* End PBXSourcesBuildPhase section */

/* Begin PBXVariantGroup section */
		7606783E25B8AD63007DC6AD /* Main.storyboard */ = {
			isa = PBXVariantGroup;
			children = (
				7606783F25B8AD63007DC6AD /* Base */,
			);
			name = Main.storyboard;
			sourceTree = "<group>";
		};
		7606784325B8AD66007DC6AD /* LaunchScreen.storyboard */ = {
			isa = PBXVariantGroup;
			children = (
				7606784425B8AD66007DC6AD /* Base */,
			);
			name = LaunchScreen.storyboard;
			sourceTree = "<group>";
		};
/* End PBXVariantGroup section */

/* Begin XCBuildConfiguration section */
		7606784725B8AD66007DC6AD /* Debug */ = {
			isa = XCBuildConfiguration;
			buildSettings = {
				ALWAYS_SEARCH_USER_PATHS = NO;
				CLANG_ANALYZER_NONNULL = YES;
				CLANG_ANALYZER_NUMBER_OBJECT_CONVERSION = YES_AGGRESSIVE;
				CLANG_CXX_LANGUAGE_STANDARD = "gnu++14";
				CLANG_CXX_LIBRARY = "libc++";
				CLANG_ENABLE_MODULES = YES;
				CLANG_ENABLE_OBJC_ARC = YES;
				CLANG_ENABLE_OBJC_WEAK = YES;
				CLANG_WARN_BLOCK_CAPTURE_AUTORELEASING = YES;
				CLANG_WARN_BOOL_CONVERSION = YES;
				CLANG_WARN_COMMA = YES;
				CLANG_WARN_CONSTANT_CONVERSION = YES;
				CLANG_WARN_DEPRECATED_OBJC_IMPLEMENTATIONS = YES;
				CLANG_WARN_DIRECT_OBJC_ISA_USAGE = YES_ERROR;
				CLANG_WARN_DOCUMENTATION_COMMENTS = YES;
				CLANG_WARN_EMPTY_BODY = YES;
				CLANG_WARN_ENUM_CONVERSION = YES;
				CLANG_WARN_INFINITE_RECURSION = YES;
				CLANG_WARN_INT_CONVERSION = YES;
				CLANG_WARN_NON_LITERAL_NULL_CONVERSION = YES;
				CLANG_WARN_OBJC_IMPLICIT_RETAIN_SELF = YES;
				CLANG_WARN_OBJC_LITERAL_CONVERSION = YES;
				CLANG_WARN_OBJC_ROOT_CLASS = YES_ERROR;
				CLANG_WARN_QUOTED_INCLUDE_IN_FRAMEWORK_HEADER = YES;
				CLANG_WARN_RANGE_LOOP_ANALYSIS = YES;
				CLANG_WARN_STRICT_PROTOTYPES = YES;
				CLANG_WARN_SUSPICIOUS_MOVE = YES;
				CLANG_WARN_UNGUARDED_AVAILABILITY = YES_AGGRESSIVE;
				CLANG_WARN_UNREACHABLE_CODE = YES;
				CLANG_WARN__DUPLICATE_METHOD_MATCH = YES;
				COPY_PHASE_STRIP = NO;
				DEBUG_INFORMATION_FORMAT = dwarf;
				ENABLE_STRICT_OBJC_MSGSEND = YES;
				ENABLE_TESTABILITY = YES;
				GCC_C_LANGUAGE_STANDARD = gnu11;
				GCC_DYNAMIC_NO_PIC = NO;
				GCC_NO_COMMON_BLOCKS = YES;
				GCC_OPTIMIZATION_LEVEL = 0;
				GCC_PREPROCESSOR_DEFINITIONS = (
					"DEBUG=1",
					"$(inherited)",
				);
				GCC_WARN_64_TO_32_BIT_CONVERSION = YES;
				GCC_WARN_ABOUT_RETURN_TYPE = YES_ERROR;
				GCC_WARN_UNDECLARED_SELECTOR = YES;
				GCC_WARN_UNINITIALIZED_AUTOS = YES_AGGRESSIVE;
				GCC_WARN_UNUSED_FUNCTION = YES;
				GCC_WARN_UNUSED_VARIABLE = YES;
				IPHONEOS_DEPLOYMENT_TARGET = 13.0;
				MTL_ENABLE_DEBUG_INFO = INCLUDE_SOURCE;
				MTL_FAST_MATH = YES;
				ONLY_ACTIVE_ARCH = NO;
				SDKROOT = iphoneos;
				SWIFT_ACTIVE_COMPILATION_CONDITIONS = DEBUG;
				SWIFT_OPTIMIZATION_LEVEL = "-Onone";
			};
			name = Debug;
		};
		7606784825B8AD66007DC6AD /* Release */ = {
			isa = XCBuildConfiguration;
			buildSettings = {
				ALWAYS_SEARCH_USER_PATHS = NO;
				CLANG_ANALYZER_NONNULL = YES;
				CLANG_ANALYZER_NUMBER_OBJECT_CONVERSION = YES_AGGRESSIVE;
				CLANG_CXX_LANGUAGE_STANDARD = "gnu++14";
				CLANG_CXX_LIBRARY = "libc++";
				CLANG_ENABLE_MODULES = YES;
				CLANG_ENABLE_OBJC_ARC = YES;
				CLANG_ENABLE_OBJC_WEAK = YES;
				CLANG_WARN_BLOCK_CAPTURE_AUTORELEASING = YES;
				CLANG_WARN_BOOL_CONVERSION = YES;
				CLANG_WARN_COMMA = YES;
				CLANG_WARN_CONSTANT_CONVERSION = YES;
				CLANG_WARN_DEPRECATED_OBJC_IMPLEMENTATIONS = YES;
				CLANG_WARN_DIRECT_OBJC_ISA_USAGE = YES_ERROR;
				CLANG_WARN_DOCUMENTATION_COMMENTS = YES;
				CLANG_WARN_EMPTY_BODY = YES;
				CLANG_WARN_ENUM_CONVERSION = YES;
				CLANG_WARN_INFINITE_RECURSION = YES;
				CLANG_WARN_INT_CONVERSION = YES;
				CLANG_WARN_NON_LITERAL_NULL_CONVERSION = YES;
				CLANG_WARN_OBJC_IMPLICIT_RETAIN_SELF = YES;
				CLANG_WARN_OBJC_LITERAL_CONVERSION = YES;
				CLANG_WARN_OBJC_ROOT_CLASS = YES_ERROR;
				CLANG_WARN_QUOTED_INCLUDE_IN_FRAMEWORK_HEADER = YES;
				CLANG_WARN_RANGE_LOOP_ANALYSIS = YES;
				CLANG_WARN_STRICT_PROTOTYPES = YES;
				CLANG_WARN_SUSPICIOUS_MOVE = YES;
				CLANG_WARN_UNGUARDED_AVAILABILITY = YES_AGGRESSIVE;
				CLANG_WARN_UNREACHABLE_CODE = YES;
				CLANG_WARN__DUPLICATE_METHOD_MATCH = YES;
				COPY_PHASE_STRIP = NO;
				DEBUG_INFORMATION_FORMAT = "dwarf-with-dsym";
				ENABLE_NS_ASSERTIONS = NO;
				ENABLE_STRICT_OBJC_MSGSEND = YES;
				GCC_C_LANGUAGE_STANDARD = gnu11;
				GCC_NO_COMMON_BLOCKS = YES;
				GCC_WARN_64_TO_32_BIT_CONVERSION = YES;
				GCC_WARN_ABOUT_RETURN_TYPE = YES_ERROR;
				GCC_WARN_UNDECLARED_SELECTOR = YES;
				GCC_WARN_UNINITIALIZED_AUTOS = YES_AGGRESSIVE;
				GCC_WARN_UNUSED_FUNCTION = YES;
				GCC_WARN_UNUSED_VARIABLE = YES;
				IPHONEOS_DEPLOYMENT_TARGET = 13.0;
				MTL_ENABLE_DEBUG_INFO = NO;
				MTL_FAST_MATH = YES;
				SDKROOT = iphoneos;
				SWIFT_COMPILATION_MODE = wholemodule;
				SWIFT_OPTIMIZATION_LEVEL = "-O";
				VALIDATE_PRODUCT = YES;
			};
			name = Release;
		};
		7606784A25B8AD66007DC6AD /* Debug */ = {
			isa = XCBuildConfiguration;
			baseConfigurationReference = CF4590C9C729D08224FEB493 /* Pods-DomPlenkiSamara.debug.xcconfig */;
			buildSettings = {
				ASSETCATALOG_COMPILER_APPICON_NAME = AppIcon;
				ASSETCATALOG_COMPILER_GLOBAL_ACCENT_COLOR_NAME = AccentColor;
				CODE_SIGN_IDENTITY = "Apple Development";
				CODE_SIGN_STYLE = Automatic;
				CURRENT_PROJECT_VERSION = 1;
				DEVELOPMENT_TEAM = WUWQJC8JT4;
				INFOPLIST_FILE = DomPlenkiSamara/Info.plist;
				IPHONEOS_DEPLOYMENT_TARGET = 13.0;
				LD_RUNPATH_SEARCH_PATHS = (
					"$(inherited)",
					"@executable_path/Frameworks",
				);
				MARKETING_VERSION = 1.0;
				PRODUCT_BUNDLE_IDENTIFIER = "com.Emil-A-M.DomPlenkiSamara";
				PRODUCT_NAME = "$(TARGET_NAME)";
				PROVISIONING_PROFILE_SPECIFIER = "";
				SWIFT_VERSION = 5.0;
				TARGETED_DEVICE_FAMILY = 1;
			};
			name = Debug;
		};
		7606784B25B8AD66007DC6AD /* Release */ = {
			isa = XCBuildConfiguration;
			baseConfigurationReference = 3B0CD70269FF8005803CCA8F /* Pods-DomPlenkiSamara.release.xcconfig */;
			buildSettings = {
				ASSETCATALOG_COMPILER_APPICON_NAME = AppIcon;
				ASSETCATALOG_COMPILER_GLOBAL_ACCENT_COLOR_NAME = AccentColor;
				CODE_SIGN_IDENTITY = "Apple Development";
				CODE_SIGN_STYLE = Automatic;
				CURRENT_PROJECT_VERSION = 1;
				DEVELOPMENT_TEAM = WUWQJC8JT4;
				INFOPLIST_FILE = DomPlenkiSamara/Info.plist;
				IPHONEOS_DEPLOYMENT_TARGET = 13.0;
				LD_RUNPATH_SEARCH_PATHS = (
					"$(inherited)",
					"@executable_path/Frameworks",
				);
				MARKETING_VERSION = 1.0;
				PRODUCT_BUNDLE_IDENTIFIER = "com.Emil-A-M.DomPlenkiSamara";
				PRODUCT_NAME = "$(TARGET_NAME)";
				PROVISIONING_PROFILE_SPECIFIER = "";
				SWIFT_VERSION = 5.0;
				TARGETED_DEVICE_FAMILY = 1;
			};
			name = Release;
		};
/* End XCBuildConfiguration section */

/* Begin XCConfigurationList section */
		7606783025B8AD63007DC6AD /* Build configuration list for PBXProject "DomPlenkiSamara" */ = {
			isa = XCConfigurationList;
			buildConfigurations = (
				7606784725B8AD66007DC6AD /* Debug */,
				7606784825B8AD66007DC6AD /* Release */,
			);
			defaultConfigurationIsVisible = 0;
			defaultConfigurationName = Release;
		};
		7606784925B8AD66007DC6AD /* Build configuration list for PBXNativeTarget "DomPlenkiSamara" */ = {
			isa = XCConfigurationList;
			buildConfigurations = (
				7606784A25B8AD66007DC6AD /* Debug */,
				7606784B25B8AD66007DC6AD /* Release */,
			);
			defaultConfigurationIsVisible = 0;
			defaultConfigurationName = Release;
		};
/* End XCConfigurationList section */
	};
	rootObject = 7606782D25B8AD63007DC6AD /* Project object */;
}
